
Microsoft Visual Studio Solution File, Format Version 12.00
# Visual Studio 2013
VisualStudioVersion = 12.0.31101.0
MinimumVisualStudioVersion = 10.0.40219.1
Project("{8BC9CEB8-8B4A-11D0-8D11-00A0C91BC942}") = "Tests", "Tests\Tests.vcxproj", "{6CC16421-6614-4AA0-8D66-CD5E94DC28B0}"
EndProject
Project("{8BC9CEB8-8B4A-11D0-8D11-00A0C91BC942}") = "deltakinematics", "deltakinematics\deltakinematics.vcxproj", "{4F9D17F8-281E-4BF9-9B55-8C092FDF124B}"
EndProject
Project("{8BC9CEB8-8B4A-11D0-8D11-00A0C91BC942}") = "SpaceNav", "SpaceNav\SpaceNav.vcxproj", "{01446083-1C72-4464-982B-A211CF60C7E3}"
EndProject
Global
	GlobalSection(SolutionConfigurationPlatforms) = preSolution
		Debug|ARM = Debug|ARM
		Debug|Win32 = Debug|Win32
		Debug|x64 = Debug|x64
		Release|ARM = Release|ARM
		Release|Win32 = Release|Win32
		Release|x64 = Release|x64
	EndGlobalSection
	GlobalSection(ProjectConfigurationPlatforms) = postSolution
		{6CC16421-6614-4AA0-8D66-CD5E94DC28B0}.Debug|ARM.ActiveCfg = Debug|Win32
		{6CC16421-6614-4AA0-8D66-CD5E94DC28B0}.Debug|Win32.ActiveCfg = Debug|Win32
		{6CC16421-6614-4AA0-8D66-CD5E94DC28B0}.Debug|Win32.Build.0 = Debug|Win32
		{6CC16421-6614-4AA0-8D66-CD5E94DC28B0}.Debug|x64.ActiveCfg = Debug|Win32
		{6CC16421-6614-4AA0-8D66-CD5E94DC28B0}.Release|ARM.ActiveCfg = Release|Win32
		{6CC16421-6614-4AA0-8D66-CD5E94DC28B0}.Release|Win32.ActiveCfg = Release|Win32
		{6CC16421-6614-4AA0-8D66-CD5E94DC28B0}.Release|Win32.Build.0 = Release|Win32
		{6CC16421-6614-4AA0-8D66-CD5E94DC28B0}.Release|x64.ActiveCfg = Release|Win32
		{4F9D17F8-281E-4BF9-9B55-8C092FDF124B}.Debug|ARM.ActiveCfg = Debug|Win32
		{4F9D17F8-281E-4BF9-9B55-8C092FDF124B}.Debug|Win32.ActiveCfg = Debug|Win32
		{4F9D17F8-281E-4BF9-9B55-8C092FDF124B}.Debug|Win32.Build.0 = Debug|Win32
		{4F9D17F8-281E-4BF9-9B55-8C092FDF124B}.Debug|x64.ActiveCfg = Debug|Win32
		{4F9D17F8-281E-4BF9-9B55-8C092FDF124B}.Release|ARM.ActiveCfg = Release|Win32
		{4F9D17F8-281E-4BF9-9B55-8C092FDF124B}.Release|Win32.ActiveCfg = Release|x64
		{4F9D17F8-281E-4BF9-9B55-8C092FDF124B}.Release|Win32.Build.0 = Release|x64
		{4F9D17F8-281E-4BF9-9B55-8C092FDF124B}.Release|x64.ActiveCfg = Release|Win32
		{01446083-1C72-4464-982B-A211CF60C7E3}.Debug|ARM.ActiveCfg = Debug|Win32
		{01446083-1C72-4464-982B-A211CF60C7E3}.Debug|Win32.ActiveCfg = Debug|Win32
		{01446083-1C72-4464-982B-A211CF60C7E3}.Debug|Win32.Build.0 = Debug|Win32
		{01446083-1C72-4464-982B-A211CF60C7E3}.Debug|x64.ActiveCfg = Debug|Win32
		{01446083-1C72-4464-982B-A211CF60C7E3}.Release|ARM.ActiveCfg = Release|Win32
		{01446083-1C72-4464-982B-A211CF60C7E3}.Release|Win32.ActiveCfg = Release|Win32
		{01446083-1C72-4464-982B-A211CF60C7E3}.Release|Win32.Build.0 = Release|Win32
		{01446083-1C72-4464-982B-A211CF60C7E3}.Release|x64.ActiveCfg = Release|Win32
	EndGlobalSection
	GlobalSection(SolutionProperties) = preSolution
		HideSolutionNode = FALSE
	EndGlobalSection
EndGlobal
